{
    "version": 3,
    "terraform_version": "0.11.13",
    "serial": 6,
    "lineage": "89162bf6-38b2-8378-5b25-b61b9279f3da",
    "modules": [
        {
            "path": [
                "root"
            ],
            "outputs": {
                "nginx_app_url": {
                    "sensitive": false,
                    "type": "string",
                    "value": "http://rogman.centralus.cloudapp.azure.com"
                },
                "nginx_fqdn": {
                    "sensitive": false,
                    "type": "string",
                    "value": "rogman.centralus.cloudapp.azure.com"
                },
                "nginx_private_ip": {
                    "sensitive": false,
                    "type": "string",
                    "value": "10.0.10.4"
                },
                "nginx_public_ip": {
                    "sensitive": false,
                    "type": "string",
                    "value": "104.43.142.50"
                },
                "postgres_administrator_login": {
                    "sensitive": false,
                    "type": "string",
                    "value": "roger"
                },
                "postgres_administrator_password": {
                    "sensitive": true,
                    "type": "string",
                    "value": "Password123!"
                },
                "postgres_fqdn": {
                    "sensitive": false,
                    "type": "string",
                    "value": "rogman-postgres.postgres.database.azure.com"
                },
                "postgres_server_name": {
                    "sensitive": false,
                    "type": "string",
                    "value": "rogman-postgres"
                }
            },
            "resources": {
                "azurerm_network_interface.tf-guide-nic": {
                    "type": "azurerm_network_interface",
                    "depends_on": [
                        "azurerm_network_security_group.tf-guide-sg",
                        "azurerm_public_ip.tf-guide-pip",
                        "azurerm_resource_group.resource_group",
                        "azurerm_subnet.subnet"
                    ],
                    "primary": {
                        "id": "/subscriptions/8708baf2-0a54-4bb4-905b-78d21ac150da/resourceGroups/rc-nginx-postgres-resource-group/providers/Microsoft.Network/networkInterfaces/rctf-guide-nic",
                        "attributes": {
                            "applied_dns_servers.#": "0",
                            "dns_servers.#": "0",
                            "enable_accelerated_networking": "false",
                            "enable_ip_forwarding": "false",
                            "id": "/subscriptions/8708baf2-0a54-4bb4-905b-78d21ac150da/resourceGroups/rc-nginx-postgres-resource-group/providers/Microsoft.Network/networkInterfaces/rctf-guide-nic",
                            "internal_dns_name_label": "",
                            "internal_fqdn": "",
                            "ip_configuration.#": "1",
                            "ip_configuration.0.application_gateway_backend_address_pools_ids.#": "0",
                            "ip_configuration.0.application_security_group_ids.#": "0",
                            "ip_configuration.0.load_balancer_backend_address_pools_ids.#": "0",
                            "ip_configuration.0.load_balancer_inbound_nat_rules_ids.#": "0",
                            "ip_configuration.0.name": "rcipconfig",
                            "ip_configuration.0.primary": "true",
                            "ip_configuration.0.private_ip_address": "",
                            "ip_configuration.0.private_ip_address_allocation": "dynamic",
                            "ip_configuration.0.private_ip_address_version": "IPv4",
                            "ip_configuration.0.public_ip_address_id": "/subscriptions/8708baf2-0a54-4bb4-905b-78d21ac150da/resourceGroups/rc-nginx-postgres-resource-group/providers/Microsoft.Network/publicIPAddresses/rc-ip",
                            "ip_configuration.0.subnet_id": "/subscriptions/8708baf2-0a54-4bb4-905b-78d21ac150da/resourceGroups/rc-nginx-postgres-resource-group/providers/Microsoft.Network/virtualNetworks/rc-net/subnets/rcsubnet",
                            "location": "centralus",
                            "mac_address": "00-0D-3A-96-E0-B4",
                            "name": "rctf-guide-nic",
                            "network_security_group_id": "/subscriptions/8708baf2-0a54-4bb4-905b-78d21ac150da/resourceGroups/rc-nginx-postgres-resource-group/providers/Microsoft.Network/networkSecurityGroups/rc-sg",
                            "private_ip_address": "10.0.10.4",
                            "private_ip_addresses.#": "1",
                            "private_ip_addresses.0": "10.0.10.4",
                            "resource_group_name": "rc-nginx-postgres-resource-group",
                            "tags.%": "0",
                            "virtual_machine_id": "/subscriptions/8708baf2-0a54-4bb4-905b-78d21ac150da/resourceGroups/rc-nginx-postgres-resource-group/providers/Microsoft.Compute/virtualMachines/rogman-site"
                        },
                        "meta": {},
                        "tainted": false
                    },
                    "deposed": [],
                    "provider": "provider.azurerm"
                },
                "azurerm_network_security_group.tf-guide-sg": {
                    "type": "azurerm_network_security_group",
                    "depends_on": [
                        "azurerm_resource_group.resource_group"
                    ],
                    "primary": {
                        "id": "/subscriptions/8708baf2-0a54-4bb4-905b-78d21ac150da/resourceGroups/rc-nginx-postgres-resource-group/providers/Microsoft.Network/networkSecurityGroups/rc-sg",
                        "attributes": {
                            "id": "/subscriptions/8708baf2-0a54-4bb4-905b-78d21ac150da/resourceGroups/rc-nginx-postgres-resource-group/providers/Microsoft.Network/networkSecurityGroups/rc-sg",
                            "location": "centralus",
                            "name": "rc-sg",
                            "resource_group_name": "rc-nginx-postgres-resource-group",
                            "security_rule.#": "2",
                            "security_rule.2008300084.access": "Allow",
                            "security_rule.2008300084.description": "",
                            "security_rule.2008300084.destination_address_prefix": "*",
                            "security_rule.2008300084.destination_address_prefixes.#": "0",
                            "security_rule.2008300084.destination_application_security_group_ids.#": "0",
                            "security_rule.2008300084.destination_port_range": "22",
                            "security_rule.2008300084.destination_port_ranges.#": "0",
                            "security_rule.2008300084.direction": "Inbound",
                            "security_rule.2008300084.name": "SSH",
                            "security_rule.2008300084.priority": "101",
                            "security_rule.2008300084.protocol": "Tcp",
                            "security_rule.2008300084.source_address_prefix": "*",
                            "security_rule.2008300084.source_address_prefixes.#": "0",
                            "security_rule.2008300084.source_application_security_group_ids.#": "0",
                            "security_rule.2008300084.source_port_range": "*",
                            "security_rule.2008300084.source_port_ranges.#": "0",
                            "security_rule.920215974.access": "Allow",
                            "security_rule.920215974.description": "",
                            "security_rule.920215974.destination_address_prefix": "*",
                            "security_rule.920215974.destination_address_prefixes.#": "0",
                            "security_rule.920215974.destination_application_security_group_ids.#": "0",
                            "security_rule.920215974.destination_port_range": "80",
                            "security_rule.920215974.destination_port_ranges.#": "0",
                            "security_rule.920215974.direction": "Inbound",
                            "security_rule.920215974.name": "HTTP",
                            "security_rule.920215974.priority": "100",
                            "security_rule.920215974.protocol": "Tcp",
                            "security_rule.920215974.source_address_prefix": "*",
                            "security_rule.920215974.source_address_prefixes.#": "0",
                            "security_rule.920215974.source_application_security_group_ids.#": "0",
                            "security_rule.920215974.source_port_range": "*",
                            "security_rule.920215974.source_port_ranges.#": "0",
                            "tags.%": "0"
                        },
                        "meta": {},
                        "tainted": false
                    },
                    "deposed": [],
                    "provider": "provider.azurerm"
                },
                "azurerm_postgresql_firewall_rule.firewall_rules": {
                    "type": "azurerm_postgresql_firewall_rule",
                    "depends_on": [
                        "azurerm_postgresql_server.server",
                        "azurerm_resource_group.resource_group"
                    ],
                    "primary": {
                        "id": "/subscriptions/8708baf2-0a54-4bb4-905b-78d21ac150da/resourceGroups/rc-nginx-postgres-resource-group/providers/Microsoft.DBforPostgreSQL/servers/rogman-postgres/firewallRules/firewall-test1",
                        "attributes": {
                            "end_ip_address": "255.255.255.255",
                            "id": "/subscriptions/8708baf2-0a54-4bb4-905b-78d21ac150da/resourceGroups/rc-nginx-postgres-resource-group/providers/Microsoft.DBforPostgreSQL/servers/rogman-postgres/firewallRules/firewall-test1",
                            "name": "firewall-test1",
                            "resource_group_name": "rc-nginx-postgres-resource-group",
                            "server_name": "rogman-postgres",
                            "start_ip_address": "0.0.0.0"
                        },
                        "meta": {},
                        "tainted": false
                    },
                    "deposed": [],
                    "provider": "provider.azurerm"
                },
                "azurerm_postgresql_server.server": {
                    "type": "azurerm_postgresql_server",
                    "depends_on": [
                        "azurerm_resource_group.resource_group"
                    ],
                    "primary": {
                        "id": "/subscriptions/8708baf2-0a54-4bb4-905b-78d21ac150da/resourceGroups/rc-nginx-postgres-resource-group/providers/Microsoft.DBforPostgreSQL/servers/rogman-postgres",
                        "attributes": {
                            "administrator_login": "roger",
                            "administrator_login_password": "Password123!",
                            "fqdn": "rogman-postgres.postgres.database.azure.com",
                            "id": "/subscriptions/8708baf2-0a54-4bb4-905b-78d21ac150da/resourceGroups/rc-nginx-postgres-resource-group/providers/Microsoft.DBforPostgreSQL/servers/rogman-postgres",
                            "location": "centralus",
                            "name": "rogman-postgres",
                            "resource_group_name": "rc-nginx-postgres-resource-group",
                            "sku.#": "1",
                            "sku.0.capacity": "1",
                            "sku.0.family": "Gen5",
                            "sku.0.name": "B_Gen5_1",
                            "sku.0.tier": "Basic",
                            "ssl_enforcement": "Disabled",
                            "storage_profile.#": "1",
                            "storage_profile.0.backup_retention_days": "7",
                            "storage_profile.0.geo_redundant_backup": "Disabled",
                            "storage_profile.0.storage_mb": "5120",
                            "tags.%": "2",
                            "tags.TTL": "-1",
                            "tags.owner": "rchao",
                            "version": "9.5"
                        },
                        "meta": {},
                        "tainted": false
                    },
                    "deposed": [],
                    "provider": "provider.azurerm"
                },
                "azurerm_public_ip.tf-guide-pip": {
                    "type": "azurerm_public_ip",
                    "depends_on": [
                        "azurerm_resource_group.resource_group"
                    ],
                    "primary": {
                        "id": "/subscriptions/8708baf2-0a54-4bb4-905b-78d21ac150da/resourceGroups/rc-nginx-postgres-resource-group/providers/Microsoft.Network/publicIPAddresses/rc-ip",
                        "attributes": {
                            "allocation_method": "Dynamic",
                            "domain_name_label": "rogman",
                            "fqdn": "rogman.centralus.cloudapp.azure.com",
                            "id": "/subscriptions/8708baf2-0a54-4bb4-905b-78d21ac150da/resourceGroups/rc-nginx-postgres-resource-group/providers/Microsoft.Network/publicIPAddresses/rc-ip",
                            "idle_timeout_in_minutes": "4",
                            "ip_address": "104.43.142.50",
                            "ip_version": "IPv4",
                            "location": "centralus",
                            "name": "rc-ip",
                            "public_ip_address_allocation": "Dynamic",
                            "resource_group_name": "rc-nginx-postgres-resource-group",
                            "reverse_fqdn": "",
                            "sku": "Basic",
                            "tags.%": "0",
                            "zones.#": "0"
                        },
                        "meta": {},
                        "tainted": false
                    },
                    "deposed": [],
                    "provider": "provider.azurerm"
                },
                "azurerm_resource_group.resource_group": {
                    "type": "azurerm_resource_group",
                    "depends_on": [],
                    "primary": {
                        "id": "/subscriptions/8708baf2-0a54-4bb4-905b-78d21ac150da/resourceGroups/rc-nginx-postgres-resource-group",
                        "attributes": {
                            "id": "/subscriptions/8708baf2-0a54-4bb4-905b-78d21ac150da/resourceGroups/rc-nginx-postgres-resource-group",
                            "location": "centralus",
                            "name": "rc-nginx-postgres-resource-group",
                            "tags.%": "0"
                        },
                        "meta": {},
                        "tainted": false
                    },
                    "deposed": [],
                    "provider": "provider.azurerm"
                },
                "azurerm_subnet.subnet": {
                    "type": "azurerm_subnet",
                    "depends_on": [
                        "azurerm_resource_group.resource_group",
                        "azurerm_virtual_network.vnet"
                    ],
                    "primary": {
                        "id": "/subscriptions/8708baf2-0a54-4bb4-905b-78d21ac150da/resourceGroups/rc-nginx-postgres-resource-group/providers/Microsoft.Network/virtualNetworks/rc-net/subnets/rcsubnet",
                        "attributes": {
                            "address_prefix": "10.0.10.0/24",
                            "delegation.#": "0",
                            "id": "/subscriptions/8708baf2-0a54-4bb4-905b-78d21ac150da/resourceGroups/rc-nginx-postgres-resource-group/providers/Microsoft.Network/virtualNetworks/rc-net/subnets/rcsubnet",
                            "ip_configurations.#": "1",
                            "ip_configurations.3908382760": "/subscriptions/8708baf2-0a54-4bb4-905b-78d21ac150da/resourceGroups/rc-nginx-postgres-resource-group/providers/Microsoft.Network/networkInterfaces/rctf-guide-nic/ipConfigurations/rcipconfig",
                            "name": "rcsubnet",
                            "network_security_group_id": "",
                            "resource_group_name": "rc-nginx-postgres-resource-group",
                            "route_table_id": "",
                            "service_endpoints.#": "0",
                            "virtual_network_name": "rc-net"
                        },
                        "meta": {},
                        "tainted": false
                    },
                    "deposed": [],
                    "provider": "provider.azurerm"
                },
                "azurerm_virtual_machine.site": {
                    "type": "azurerm_virtual_machine",
                    "depends_on": [
                        "azurerm_network_interface.tf-guide-nic",
                        "azurerm_public_ip.tf-guide-pip",
                        "azurerm_resource_group.resource_group"
                    ],
                    "primary": {
                        "id": "/subscriptions/8708baf2-0a54-4bb4-905b-78d21ac150da/resourceGroups/rc-nginx-postgres-resource-group/providers/Microsoft.Compute/virtualMachines/rogman-site",
                        "attributes": {
                            "delete_data_disks_on_termination": "false",
                            "delete_os_disk_on_termination": "true",
                            "id": "/subscriptions/8708baf2-0a54-4bb4-905b-78d21ac150da/resourceGroups/rc-nginx-postgres-resource-group/providers/Microsoft.Compute/virtualMachines/rogman-site",
                            "identity.#": "0",
                            "location": "centralus",
                            "name": "rogman-site",
                            "network_interface_ids.#": "1",
                            "network_interface_ids.0": "/subscriptions/8708baf2-0a54-4bb4-905b-78d21ac150da/resourceGroups/rc-nginx-postgres-resource-group/providers/Microsoft.Network/networkInterfaces/rctf-guide-nic",
                            "os_profile.#": "1",
                            "os_profile.2131554091.admin_password": "",
                            "os_profile.2131554091.admin_username": "adminuser",
                            "os_profile.2131554091.computer_name": "rogman",
                            "os_profile.2131554091.custom_data": "",
                            "os_profile_linux_config.#": "1",
                            "os_profile_linux_config.2972667452.disable_password_authentication": "false",
                            "os_profile_linux_config.2972667452.ssh_keys.#": "0",
                            "os_profile_secrets.#": "0",
                            "os_profile_windows_config.#": "0",
                            "plan.#": "0",
                            "resource_group_name": "rc-nginx-postgres-resource-group",
                            "storage_data_disk.#": "0",
                            "storage_image_reference.#": "1",
                            "storage_image_reference.1458860473.id": "",
                            "storage_image_reference.1458860473.offer": "UbuntuServer",
                            "storage_image_reference.1458860473.publisher": "Canonical",
                            "storage_image_reference.1458860473.sku": "16.04-LTS",
                            "storage_image_reference.1458860473.version": "latest",
                            "storage_os_disk.#": "1",
                            "storage_os_disk.0.caching": "ReadWrite",
                            "storage_os_disk.0.create_option": "FromImage",
                            "storage_os_disk.0.disk_size_gb": "30",
                            "storage_os_disk.0.image_uri": "",
                            "storage_os_disk.0.managed_disk_id": "/subscriptions/8708baf2-0a54-4bb4-905b-78d21ac150da/resourceGroups/rc-nginx-postgres-resource-group/providers/Microsoft.Compute/disks/rogman-osdisk",
                            "storage_os_disk.0.managed_disk_type": "Standard_LRS",
                            "storage_os_disk.0.name": "rogman-osdisk",
                            "storage_os_disk.0.os_type": "Linux",
                            "storage_os_disk.0.vhd_uri": "",
                            "storage_os_disk.0.write_accelerator_enabled": "false",
                            "tags.%": "0",
                            "vm_size": "Standard_A0",
                            "zones.#": "0"
                        },
                        "meta": {},
                        "tainted": false
                    },
                    "deposed": [],
                    "provider": "provider.azurerm"
                },
                "azurerm_virtual_network.vnet": {
                    "type": "azurerm_virtual_network",
                    "depends_on": [
                        "azurerm_resource_group.resource_group"
                    ],
                    "primary": {
                        "id": "/subscriptions/8708baf2-0a54-4bb4-905b-78d21ac150da/resourceGroups/rc-nginx-postgres-resource-group/providers/Microsoft.Network/virtualNetworks/rc-net",
                        "attributes": {
                            "address_space.#": "1",
                            "address_space.0": "10.0.0.0/16",
                            "ddos_protection_plan.#": "0",
                            "dns_servers.#": "0",
                            "id": "/subscriptions/8708baf2-0a54-4bb4-905b-78d21ac150da/resourceGroups/rc-nginx-postgres-resource-group/providers/Microsoft.Network/virtualNetworks/rc-net",
                            "location": "centralus",
                            "name": "rc-net",
                            "resource_group_name": "rc-nginx-postgres-resource-group",
                            "subnet.#": "1",
                            "subnet.1572212841.address_prefix": "10.0.10.0/24",
                            "subnet.1572212841.id": "/subscriptions/8708baf2-0a54-4bb4-905b-78d21ac150da/resourceGroups/rc-nginx-postgres-resource-group/providers/Microsoft.Network/virtualNetworks/rc-net/subnets/rcsubnet",
                            "subnet.1572212841.name": "rcsubnet",
                            "subnet.1572212841.security_group": "",
                            "tags.%": "0"
                        },
                        "meta": {},
                        "tainted": false
                    },
                    "deposed": [],
                    "provider": "provider.azurerm"
                }
            },
            "depends_on": []
        }
    ]
}
